lockfileVersion: '9.0'

settings:
  autoInstallPeers: true
  excludeLinksFromLockfile: false

importers:

  .: {}

  apps/web:
    dependencies:
      '@fontsource/press-start-2p':
        specifier: ^5.2.7
        version: 5.2.7

packages:

  '@fontsource/press-start-2p@5.2.7':
    resolution: {integrity: sha512-ezSxYRchANoteja170ZHh2Tt4oejmVEvX42VFPOVVvERSZ68pcuZFjbhHfrK/sNjYmaGg656y7B3431ojO9PCQ==}

snapshots:

  '@fontsource/press-start-2p@5.2.7': {}
